
Microsoft Visual Studio Solution File, Format Version 12.00
# Visual Studio Version 17
VisualStudioVersion = 17.1.32210.238
MinimumVisualStudioVersion = 10.0.40219.1
Project("{FAE04EC0-301F-11D3-BF4B-00C04F79EFBC}") = "Time", "TimeSpan\Time.csproj", "{98113796-97D3-4ECE-A2A3-C72268BA37D5}"
EndProject
Global
	GlobalSection(SolutionConfigurationPlatforms) = preSolution
		Debug|Any CPU = Debug|Any CPU
		Release|Any CPU = Release|Any CPU
	EndGlobalSection
	GlobalSection(ProjectConfigurationPlatforms) = postSolution
		{98113796-97D3-4ECE-A2A3-C72268BA37D5}.Debug|Any CPU.ActiveCfg = Debug|Any CPU
		{98113796-97D3-4ECE-A2A3-C72268BA37D5}.Debug|Any CPU.Build.0 = Debug|Any CPU
		{98113796-97D3-4ECE-A2A3-C72268BA37D5}.Release|Any CPU.ActiveCfg = Release|Any CPU
		{98113796-97D3-4ECE-A2A3-C72268BA37D5}.Release|Any CPU.Build.0 = Release|Any CPU
	EndGlobalSection
	GlobalSection(SolutionProperties) = preSolution
		HideSolutionNode = FALSE
	EndGlobalSection
	GlobalSection(ExtensibilityGlobals) = postSolution
		SolutionGuid = {0632373C-4BC7-4FC4-952D-A6FC7C9EC743}
	EndGlobalSection
EndGlobal
