
Microsoft Visual Studio Solution File, Format Version 12.00
# Visual Studio Version 17
VisualStudioVersion = 17.1.32210.238
MinimumVisualStudioVersion = 10.0.40219.1
Project("{FAE04EC0-301F-11D3-BF4B-00C04F79EFBC}") = "FileDemo", "FileDemo\FileDemo.csproj", "{5B0D86EC-3E21-451F-9C50-FF4745E270E3}"
EndProject
Global
	GlobalSection(SolutionConfigurationPlatforms) = preSolution
		Debug|Any CPU = Debug|Any CPU
		Release|Any CPU = Release|Any CPU
	EndGlobalSection
	GlobalSection(ProjectConfigurationPlatforms) = postSolution
		{5B0D86EC-3E21-451F-9C50-FF4745E270E3}.Debug|Any CPU.ActiveCfg = Debug|Any CPU
		{5B0D86EC-3E21-451F-9C50-FF4745E270E3}.Debug|Any CPU.Build.0 = Debug|Any CPU
		{5B0D86EC-3E21-451F-9C50-FF4745E270E3}.Release|Any CPU.ActiveCfg = Release|Any CPU
		{5B0D86EC-3E21-451F-9C50-FF4745E270E3}.Release|Any CPU.Build.0 = Release|Any CPU
	EndGlobalSection
	GlobalSection(SolutionProperties) = preSolution
		HideSolutionNode = FALSE
	EndGlobalSection
	GlobalSection(ExtensibilityGlobals) = postSolution
		SolutionGuid = {8C09B437-CA36-431C-B100-BB4E27D85044}
	EndGlobalSection
EndGlobal
