
Microsoft Visual Studio Solution File, Format Version 12.00
# Visual Studio Version 17
VisualStudioVersion = 17.1.32210.238
MinimumVisualStudioVersion = 10.0.40219.1
Project("{FAE04EC0-301F-11D3-BF4B-00C04F79EFBC}") = "Dates", "Dates\Dates.csproj", "{E4978442-A2D7-4752-8A00-D511023D0446}"
EndProject
Global
	GlobalSection(SolutionConfigurationPlatforms) = preSolution
		Debug|Any CPU = Debug|Any CPU
		Release|Any CPU = Release|Any CPU
	EndGlobalSection
	GlobalSection(ProjectConfigurationPlatforms) = postSolution
		{E4978442-A2D7-4752-8A00-D511023D0446}.Debug|Any CPU.ActiveCfg = Debug|Any CPU
		{E4978442-A2D7-4752-8A00-D511023D0446}.Debug|Any CPU.Build.0 = Debug|Any CPU
		{E4978442-A2D7-4752-8A00-D511023D0446}.Release|Any CPU.ActiveCfg = Release|Any CPU
		{E4978442-A2D7-4752-8A00-D511023D0446}.Release|Any CPU.Build.0 = Release|Any CPU
	EndGlobalSection
	GlobalSection(SolutionProperties) = preSolution
		HideSolutionNode = FALSE
	EndGlobalSection
	GlobalSection(ExtensibilityGlobals) = postSolution
		SolutionGuid = {23442BA2-9428-4310-A950-E0A68AD5AC8B}
	EndGlobalSection
EndGlobal
